PODS:
  - CustomUploadButton (0.1.0)

DEPENDENCIES:
  - CustomUploadButton (from `../`)

EXTERNAL SOURCES:
  CustomUploadButton:
    :path: ../

SPEC CHECKSUMS:
  CustomUploadButton: 0d4e498f27aa7d9b4fe28d7e9c6646c24531cfdd

PODFILE CHECKSUM: b6517a026f34d725ae797863a08452647d267e06

COCOAPODS: 1.1.1
